
Microsoft Visual Studio Solution File, Format Version 12.00
# Visual Studio 15
VisualStudioVersion = 15.0.27130.2003
MinimumVisualStudioVersion = 10.0.40219.1
Project("{FAE04EC0-301F-11D3-BF4B-00C04F79EFBC}") = "Immersive.Winforms", "Allors.Testing.Winforms\Immersive.Winforms.csproj", "{7EA5D3F8-562B-4C40-8B4E-FF6FEC172B50}"
EndProject
Project("{FAE04EC0-301F-11D3-BF4B-00C04F79EFBC}") = "Tests", "Allors.Testing.Winforms.Tests\Tests.csproj", "{241EF170-CA3D-4DD2-A794-0C16235F0189}"
EndProject
Project("{FAE04EC0-301F-11D3-BF4B-00C04F79EFBC}") = "AssemblyToProcess", "Allors.Testing.Winforms.Tests.Assembly\AssemblyToProcess.csproj", "{ECF3AEE3-5BEA-4936-B85E-6A3955F545DF}"
EndProject
Global
	GlobalSection(SolutionConfigurationPlatforms) = preSolution
		Debug|Any CPU = Debug|Any CPU
		Release|Any CPU = Release|Any CPU
	EndGlobalSection
	GlobalSection(ProjectConfigurationPlatforms) = postSolution
		{7EA5D3F8-562B-4C40-8B4E-FF6FEC172B50}.Debug|Any CPU.ActiveCfg = Debug|Any CPU
		{7EA5D3F8-562B-4C40-8B4E-FF6FEC172B50}.Debug|Any CPU.Build.0 = Debug|Any CPU
		{7EA5D3F8-562B-4C40-8B4E-FF6FEC172B50}.Release|Any CPU.ActiveCfg = Release|Any CPU
		{7EA5D3F8-562B-4C40-8B4E-FF6FEC172B50}.Release|Any CPU.Build.0 = Release|Any CPU
		{241EF170-CA3D-4DD2-A794-0C16235F0189}.Debug|Any CPU.ActiveCfg = Debug|Any CPU
		{241EF170-CA3D-4DD2-A794-0C16235F0189}.Debug|Any CPU.Build.0 = Debug|Any CPU
		{241EF170-CA3D-4DD2-A794-0C16235F0189}.Release|Any CPU.ActiveCfg = Release|Any CPU
		{241EF170-CA3D-4DD2-A794-0C16235F0189}.Release|Any CPU.Build.0 = Release|Any CPU
		{ECF3AEE3-5BEA-4936-B85E-6A3955F545DF}.Debug|Any CPU.ActiveCfg = Debug|Any CPU
		{ECF3AEE3-5BEA-4936-B85E-6A3955F545DF}.Debug|Any CPU.Build.0 = Debug|Any CPU
		{ECF3AEE3-5BEA-4936-B85E-6A3955F545DF}.Release|Any CPU.ActiveCfg = Release|Any CPU
		{ECF3AEE3-5BEA-4936-B85E-6A3955F545DF}.Release|Any CPU.Build.0 = Release|Any CPU
	EndGlobalSection
	GlobalSection(SolutionProperties) = preSolution
		HideSolutionNode = FALSE
	EndGlobalSection
	GlobalSection(ExtensibilityGlobals) = postSolution
		SolutionGuid = {392F2DC4-ACD8-41A5-A468-FF6FE9941EB4}
	EndGlobalSection
	GlobalSection(MonoDevelopProperties) = preSolution
		StartupItem = Allors.Testing.Winforms\Allors.Testing.Winforms.csproj
	EndGlobalSection
	GlobalSection(TextTemplating) = postSolution
		TextTemplating = 1
	EndGlobalSection
EndGlobal
